
Microsoft Visual Studio Solution File, Format Version 12.00
# Visual Studio 15
VisualStudioVersion = 15.0.26730.16
MinimumVisualStudioVersion = 10.0.40219.1
Project("{FAE04EC0-301F-11D3-BF4B-00C04F79EFBC}") = "RandomORG", "RandomORG\RandomORG.csproj", "{312DCE5A-727A-45D0-B175-956FAABD3B85}"
EndProject
Global
	GlobalSection(SolutionConfigurationPlatforms) = preSolution
		Debug|Any CPU = Debug|Any CPU
		Release|Any CPU = Release|Any CPU
	EndGlobalSection
	GlobalSection(ProjectConfigurationPlatforms) = postSolution
		{312DCE5A-727A-45D0-B175-956FAABD3B85}.Debug|Any CPU.ActiveCfg = Debug|Any CPU
		{312DCE5A-727A-45D0-B175-956FAABD3B85}.Debug|Any CPU.Build.0 = Debug|Any CPU
		{312DCE5A-727A-45D0-B175-956FAABD3B85}.Release|Any CPU.ActiveCfg = Release|Any CPU
		{312DCE5A-727A-45D0-B175-956FAABD3B85}.Release|Any CPU.Build.0 = Release|Any CPU
	EndGlobalSection
	GlobalSection(SolutionProperties) = preSolution
		HideSolutionNode = FALSE
	EndGlobalSection
	GlobalSection(ExtensibilityGlobals) = postSolution
		SolutionGuid = {0FA61F64-64B0-4047-9028-449F5ECEFEB8}
	EndGlobalSection
EndGlobal
